
Microsoft Visual Studio Solution File, Format Version 12.00
# Visual Studio Version 17
VisualStudioVersion = 17.12.35521.163 d17.12
MinimumVisualStudioVersion = 10.0.40219.1
Project("{FAE04EC0-301F-11D3-BF4B-00C04F79EFBC}") = "Blog.web", "Blog.web\Blog.web.csproj", "{C645CD77-507E-44EB-B140-3A8D2369B3D5}"
EndProject
Global
	GlobalSection(SolutionConfigurationPlatforms) = preSolution
		Debug|Any CPU = Debug|Any CPU
		Release|Any CPU = Release|Any CPU
	EndGlobalSection
	GlobalSection(ProjectConfigurationPlatforms) = postSolution
		{C645CD77-507E-44EB-B140-3A8D2369B3D5}.Debug|Any CPU.ActiveCfg = Debug|Any CPU
		{C645CD77-507E-44EB-B140-3A8D2369B3D5}.Debug|Any CPU.Build.0 = Debug|Any CPU
		{C645CD77-507E-44EB-B140-3A8D2369B3D5}.Release|Any CPU.ActiveCfg = Release|Any CPU
		{C645CD77-507E-44EB-B140-3A8D2369B3D5}.Release|Any CPU.Build.0 = Release|Any CPU
	EndGlobalSection
	GlobalSection(SolutionProperties) = preSolution
		HideSolutionNode = FALSE
	EndGlobalSection
EndGlobal
